
Microsoft Visual Studio Solution File, Format Version 12.00
# Visual Studio Version 17
VisualStudioVersion = 17.4.33403.182
MinimumVisualStudioVersion = 10.0.40219.1
Project("{9A19103F-16F7-4668-BE54-9A1E7A4F7556}") = "DegiskenTanimlama", "DegiskenTanimlama\DegiskenTanimlama.csproj", "{90642B4F-E42E-4DC2-BD6B-DD9B24F54543}"
EndProject
Project("{2150E333-8FDC-42A3-9474-1A3956D46DE8}") = "1. Gün", "1. Gün", "{429808DB-AD34-4346-BF61-B8AAEF4F7249}"
EndProject
Project("{2150E333-8FDC-42A3-9474-1A3956D46DE8}") = "2. Gün", "2. Gün", "{35E6F847-AAD2-4FB5-BA17-FC93933F4DA9}"
EndProject
Project("{9A19103F-16F7-4668-BE54-9A1E7A4F7556}") = "HataYonetimi", "HataYonetimi\HataYonetimi.csproj", "{464B10EC-AA95-4EB8-856B-E327E0B6C8B0}"
EndProject
Project("{9A19103F-16F7-4668-BE54-9A1E7A4F7556}") = "KararYapilariveDonguler", "KararYapilariveDonguler\KararYapilariveDonguler.csproj", "{41A66FFA-A514-4B9E-96C3-4DFA133FFFB5}"
EndProject
Project("{9A19103F-16F7-4668-BE54-9A1E7A4F7556}") = "MuayeneSaatleri", "MuayeneSaatleri\MuayeneSaatleri.csproj", "{2B6DCF4A-6E98-4459-A051-CAD8A9E92BE6}"
EndProject
Project("{9A19103F-16F7-4668-BE54-9A1E7A4F7556}") = "DizilerVeKoleksiyonlar", "DizilerVeKoleksiyonlar\DizilerVeKoleksiyonlar.csproj", "{A27DC845-979A-402A-B246-0ADF3FE74DD4}"
EndProject
Project("{2150E333-8FDC-42A3-9474-1A3956D46DE8}") = "3. Gün", "3. Gün", "{2D8F8537-97B4-4276-AA29-9F7966D64C02}"
EndProject
Project("{9A19103F-16F7-4668-BE54-9A1E7A4F7556}") = "Odev1", "Odev1\Odev1.csproj", "{7F313B85-927F-4D38-B965-18E46644AFA7}"
EndProject
Project("{9A19103F-16F7-4668-BE54-9A1E7A4F7556}") = "CokBoyutluDiziler", "CokBoyutluDiziler\CokBoyutluDiziler.csproj", "{1C57976A-E014-404E-BD54-174357505A27}"
EndProject
Project("{9A19103F-16F7-4668-BE54-9A1E7A4F7556}") = "MethodKullanimi", "MethodKullanimi\MethodKullanimi.csproj", "{DC758210-20FC-4CC3-91C1-B69D455C5781}"
EndProject
Project("{2150E333-8FDC-42A3-9474-1A3956D46DE8}") = "4. Gün", "4. Gün", "{5CDBAA09-1E5F-4E15-84EB-CFB2978BD0E5}"
EndProject
Project("{9A19103F-16F7-4668-BE54-9A1E7A4F7556}") = "CinAliCizimi", "CinAliCizimi\CinAliCizimi.csproj", "{217A14E1-C4C8-4FB8-8771-F2AF8737D1FB}"
EndProject
Project("{9A19103F-16F7-4668-BE54-9A1E7A4F7556}") = "AdamAsmaca", "AdamAsmaca\AdamAsmaca.csproj", "{488E4873-9DFC-44B0-9A98-D01DED36B394}"
EndProject
Project("{9A19103F-16F7-4668-BE54-9A1E7A4F7556}") = "OopGiris", "OopGiris\OopGiris.csproj", "{E5D4DBA9-896B-4DFC-A377-C0DA365A1A02}"
EndProject
Project("{2150E333-8FDC-42A3-9474-1A3956D46DE8}") = "5. Gün", "5. Gün", "{D62DC40C-17B6-480C-80FC-A28E33479664}"
EndProject
Project("{9A19103F-16F7-4668-BE54-9A1E7A4F7556}") = "WfaGiris", "WfaGiris\WfaGiris.csproj", "{DCB85231-29FD-4B87-8115-287E409199CA}"
EndProject
Project("{2150E333-8FDC-42A3-9474-1A3956D46DE8}") = "6. Gün", "6. Gün", "{89DDED6A-77BF-431D-B76D-0EC0DD86B1B9}"
EndProject
Project("{9A19103F-16F7-4668-BE54-9A1E7A4F7556}") = "SayiOkuyucuFormApp", "SayiOkuyucuFormApp\SayiOkuyucuFormApp.csproj", "{4FAA5855-5CC9-47B6-85E6-8243C4038C18}"
EndProject
Project("{9A19103F-16F7-4668-BE54-9A1E7A4F7556}") = "ZarTahminWindowsForm", "ZarTahminWindowsForm\ZarTahminWindowsForm.csproj", "{5B427873-7FCC-4488-BFE2-C343FABC270D}"
EndProject
Project("{2150E333-8FDC-42A3-9474-1A3956D46DE8}") = "7. Gün", "7. Gün", "{5C379D89-8B62-4E40-9836-D637D87F5156}"
EndProject
Project("{9A19103F-16F7-4668-BE54-9A1E7A4F7556}") = "Kronometre", "Kronometre\Kronometre.csproj", "{A8E676D3-8D0B-4B5E-B283-E36C0E017C2A}"
EndProject
Project("{9A19103F-16F7-4668-BE54-9A1E7A4F7556}") = "HesapMakinesi", "HesapMakinesi\HesapMakinesi.csproj", "{7DAF42B0-8DC5-48D2-AC1D-5FF6B3C28791}"
EndProject
Project("{2150E333-8FDC-42A3-9474-1A3956D46DE8}") = "8. Gün", "8. Gün", "{C5A20730-313E-4179-B981-2EAF49A9F4DB}"
EndProject
Project("{9A19103F-16F7-4668-BE54-9A1E7A4F7556}") = "RandevuSistemi", "RandevuSistemi\RandevuSistemi.csproj", "{AA7BB172-E6F3-49D6-A400-58E24B04B326}"
EndProject
Project("{2150E333-8FDC-42A3-9474-1A3956D46DE8}") = "9. Gün", "9. Gün", "{509A0838-9FC7-47EE-BA57-6D809A13112E}"
EndProject
Project("{9A19103F-16F7-4668-BE54-9A1E7A4F7556}") = "Kalitim", "Kalitim\Kalitim.csproj", "{3D962913-0229-4E8B-9FE2-E1B880344363}"
EndProject
Project("{9A19103F-16F7-4668-BE54-9A1E7A4F7556}") = "Kalitim.Lib", "Kalitim.Lib\Kalitim.Lib.csproj", "{DE19929C-8CAE-42DC-8D85-12FAC6BBE39B}"
EndProject
Project("{9A19103F-16F7-4668-BE54-9A1E7A4F7556}") = "Kalitim.Console", "Kalitim.Console\Kalitim.Console.csproj", "{E1278B4C-37C0-4F28-8DAB-8F3ADBB8F706}"
EndProject
Project("{2150E333-8FDC-42A3-9474-1A3956D46DE8}") = "10. Gün", "10. Gün", "{C4DEEA7A-5564-4DCA-A17C-88B6C1F98566}"
EndProject
Project("{9A19103F-16F7-4668-BE54-9A1E7A4F7556}") = "Kitpaci", "Kitpaci\Kitpaci.csproj", "{D16189B6-A7AD-4BA1-99AB-135F02FBACB9}"
EndProject
Project("{2150E333-8FDC-42A3-9474-1A3956D46DE8}") = "11. Gün", "11. Gün", "{1899665D-0399-4159-920E-25E5296F9292}"
EndProject
Project("{FAE04EC0-301F-11D3-BF4B-00C04F79EFBC}") = "StatikNesneler", "StatikNesneler\StatikNesneler.csproj", "{8740497D-3C1E-4C41-ABC8-6F99CC67DAA5}"
EndProject
Project("{FAE04EC0-301F-11D3-BF4B-00C04F79EFBC}") = "BinarySerialization", "BinarySerialization\BinarySerialization.csproj", "{BA44FA55-503B-4FD7-87A0-95DDA78B1FDB}"
EndProject
Project("{2150E333-8FDC-42A3-9474-1A3956D46DE8}") = "12. Gün", "12. Gün", "{985A8E08-C6E2-4961-BBD4-6342DF2E6EC9}"
EndProject
Project("{FAE04EC0-301F-11D3-BF4B-00C04F79EFBC}") = "AracTakip", "AracTakip\AracTakip.csproj", "{F7E7CB23-1DF3-4298-A5D2-3AFB479EF8D9}"
EndProject
Global
	GlobalSection(SolutionConfigurationPlatforms) = preSolution
		Debug|Any CPU = Debug|Any CPU
		Release|Any CPU = Release|Any CPU
	EndGlobalSection
	GlobalSection(ProjectConfigurationPlatforms) = postSolution
		{90642B4F-E42E-4DC2-BD6B-DD9B24F54543}.Debug|Any CPU.ActiveCfg = Debug|Any CPU
		{90642B4F-E42E-4DC2-BD6B-DD9B24F54543}.Debug|Any CPU.Build.0 = Debug|Any CPU
		{90642B4F-E42E-4DC2-BD6B-DD9B24F54543}.Release|Any CPU.ActiveCfg = Release|Any CPU
		{90642B4F-E42E-4DC2-BD6B-DD9B24F54543}.Release|Any CPU.Build.0 = Release|Any CPU
		{464B10EC-AA95-4EB8-856B-E327E0B6C8B0}.Debug|Any CPU.ActiveCfg = Debug|Any CPU
		{464B10EC-AA95-4EB8-856B-E327E0B6C8B0}.Debug|Any CPU.Build.0 = Debug|Any CPU
		{464B10EC-AA95-4EB8-856B-E327E0B6C8B0}.Release|Any CPU.ActiveCfg = Release|Any CPU
		{464B10EC-AA95-4EB8-856B-E327E0B6C8B0}.Release|Any CPU.Build.0 = Release|Any CPU
		{41A66FFA-A514-4B9E-96C3-4DFA133FFFB5}.Debug|Any CPU.ActiveCfg = Debug|Any CPU
		{41A66FFA-A514-4B9E-96C3-4DFA133FFFB5}.Debug|Any CPU.Build.0 = Debug|Any CPU
		{41A66FFA-A514-4B9E-96C3-4DFA133FFFB5}.Release|Any CPU.ActiveCfg = Release|Any CPU
		{41A66FFA-A514-4B9E-96C3-4DFA133FFFB5}.Release|Any CPU.Build.0 = Release|Any CPU
		{2B6DCF4A-6E98-4459-A051-CAD8A9E92BE6}.Debug|Any CPU.ActiveCfg = Debug|Any CPU
		{2B6DCF4A-6E98-4459-A051-CAD8A9E92BE6}.Debug|Any CPU.Build.0 = Debug|Any CPU
		{2B6DCF4A-6E98-4459-A051-CAD8A9E92BE6}.Release|Any CPU.ActiveCfg = Release|Any CPU
		{2B6DCF4A-6E98-4459-A051-CAD8A9E92BE6}.Release|Any CPU.Build.0 = Release|Any CPU
		{A27DC845-979A-402A-B246-0ADF3FE74DD4}.Debug|Any CPU.ActiveCfg = Debug|Any CPU
		{A27DC845-979A-402A-B246-0ADF3FE74DD4}.Debug|Any CPU.Build.0 = Debug|Any CPU
		{A27DC845-979A-402A-B246-0ADF3FE74DD4}.Release|Any CPU.ActiveCfg = Release|Any CPU
		{A27DC845-979A-402A-B246-0ADF3FE74DD4}.Release|Any CPU.Build.0 = Release|Any CPU
		{7F313B85-927F-4D38-B965-18E46644AFA7}.Debug|Any CPU.ActiveCfg = Debug|Any CPU
		{7F313B85-927F-4D38-B965-18E46644AFA7}.Debug|Any CPU.Build.0 = Debug|Any CPU
		{7F313B85-927F-4D38-B965-18E46644AFA7}.Release|Any CPU.ActiveCfg = Release|Any CPU
		{7F313B85-927F-4D38-B965-18E46644AFA7}.Release|Any CPU.Build.0 = Release|Any CPU
		{1C57976A-E014-404E-BD54-174357505A27}.Debug|Any CPU.ActiveCfg = Debug|Any CPU
		{1C57976A-E014-404E-BD54-174357505A27}.Debug|Any CPU.Build.0 = Debug|Any CPU
		{1C57976A-E014-404E-BD54-174357505A27}.Release|Any CPU.ActiveCfg = Release|Any CPU
		{1C57976A-E014-404E-BD54-174357505A27}.Release|Any CPU.Build.0 = Release|Any CPU
		{DC758210-20FC-4CC3-91C1-B69D455C5781}.Debug|Any CPU.ActiveCfg = Debug|Any CPU
		{DC758210-20FC-4CC3-91C1-B69D455C5781}.Debug|Any CPU.Build.0 = Debug|Any CPU
		{DC758210-20FC-4CC3-91C1-B69D455C5781}.Release|Any CPU.ActiveCfg = Release|Any CPU
		{DC758210-20FC-4CC3-91C1-B69D455C5781}.Release|Any CPU.Build.0 = Release|Any CPU
		{217A14E1-C4C8-4FB8-8771-F2AF8737D1FB}.Debug|Any CPU.ActiveCfg = Debug|Any CPU
		{217A14E1-C4C8-4FB8-8771-F2AF8737D1FB}.Debug|Any CPU.Build.0 = Debug|Any CPU
		{217A14E1-C4C8-4FB8-8771-F2AF8737D1FB}.Release|Any CPU.ActiveCfg = Release|Any CPU
		{217A14E1-C4C8-4FB8-8771-F2AF8737D1FB}.Release|Any CPU.Build.0 = Release|Any CPU
		{488E4873-9DFC-44B0-9A98-D01DED36B394}.Debug|Any CPU.ActiveCfg = Debug|Any CPU
		{488E4873-9DFC-44B0-9A98-D01DED36B394}.Debug|Any CPU.Build.0 = Debug|Any CPU
		{488E4873-9DFC-44B0-9A98-D01DED36B394}.Release|Any CPU.ActiveCfg = Release|Any CPU
		{488E4873-9DFC-44B0-9A98-D01DED36B394}.Release|Any CPU.Build.0 = Release|Any CPU
		{E5D4DBA9-896B-4DFC-A377-C0DA365A1A02}.Debug|Any CPU.ActiveCfg = Debug|Any CPU
		{E5D4DBA9-896B-4DFC-A377-C0DA365A1A02}.Debug|Any CPU.Build.0 = Debug|Any CPU
		{E5D4DBA9-896B-4DFC-A377-C0DA365A1A02}.Release|Any CPU.ActiveCfg = Release|Any CPU
		{E5D4DBA9-896B-4DFC-A377-C0DA365A1A02}.Release|Any CPU.Build.0 = Release|Any CPU
		{DCB85231-29FD-4B87-8115-287E409199CA}.Debug|Any CPU.ActiveCfg = Debug|Any CPU
		{DCB85231-29FD-4B87-8115-287E409199CA}.Debug|Any CPU.Build.0 = Debug|Any CPU
		{DCB85231-29FD-4B87-8115-287E409199CA}.Release|Any CPU.ActiveCfg = Release|Any CPU
		{DCB85231-29FD-4B87-8115-287E409199CA}.Release|Any CPU.Build.0 = Release|Any CPU
		{4FAA5855-5CC9-47B6-85E6-8243C4038C18}.Debug|Any CPU.ActiveCfg = Debug|Any CPU
		{4FAA5855-5CC9-47B6-85E6-8243C4038C18}.Debug|Any CPU.Build.0 = Debug|Any CPU
		{4FAA5855-5CC9-47B6-85E6-8243C4038C18}.Release|Any CPU.ActiveCfg = Release|Any CPU
		{4FAA5855-5CC9-47B6-85E6-8243C4038C18}.Release|Any CPU.Build.0 = Release|Any CPU
		{5B427873-7FCC-4488-BFE2-C343FABC270D}.Debug|Any CPU.ActiveCfg = Debug|Any CPU
		{5B427873-7FCC-4488-BFE2-C343FABC270D}.Debug|Any CPU.Build.0 = Debug|Any CPU
		{5B427873-7FCC-4488-BFE2-C343FABC270D}.Release|Any CPU.ActiveCfg = Release|Any CPU
		{5B427873-7FCC-4488-BFE2-C343FABC270D}.Release|Any CPU.Build.0 = Release|Any CPU
		{A8E676D3-8D0B-4B5E-B283-E36C0E017C2A}.Debug|Any CPU.ActiveCfg = Debug|Any CPU
		{A8E676D3-8D0B-4B5E-B283-E36C0E017C2A}.Debug|Any CPU.Build.0 = Debug|Any CPU
		{A8E676D3-8D0B-4B5E-B283-E36C0E017C2A}.Release|Any CPU.ActiveCfg = Release|Any CPU
		{A8E676D3-8D0B-4B5E-B283-E36C0E017C2A}.Release|Any CPU.Build.0 = Release|Any CPU
		{7DAF42B0-8DC5-48D2-AC1D-5FF6B3C28791}.Debug|Any CPU.ActiveCfg = Debug|Any CPU
		{7DAF42B0-8DC5-48D2-AC1D-5FF6B3C28791}.Debug|Any CPU.Build.0 = Debug|Any CPU
		{7DAF42B0-8DC5-48D2-AC1D-5FF6B3C28791}.Release|Any CPU.ActiveCfg = Release|Any CPU
		{7DAF42B0-8DC5-48D2-AC1D-5FF6B3C28791}.Release|Any CPU.Build.0 = Release|Any CPU
		{AA7BB172-E6F3-49D6-A400-58E24B04B326}.Debug|Any CPU.ActiveCfg = Debug|Any CPU
		{AA7BB172-E6F3-49D6-A400-58E24B04B326}.Debug|Any CPU.Build.0 = Debug|Any CPU
		{AA7BB172-E6F3-49D6-A400-58E24B04B326}.Release|Any CPU.ActiveCfg = Release|Any CPU
		{AA7BB172-E6F3-49D6-A400-58E24B04B326}.Release|Any CPU.Build.0 = Release|Any CPU
		{3D962913-0229-4E8B-9FE2-E1B880344363}.Debug|Any CPU.ActiveCfg = Debug|Any CPU
		{3D962913-0229-4E8B-9FE2-E1B880344363}.Debug|Any CPU.Build.0 = Debug|Any CPU
		{3D962913-0229-4E8B-9FE2-E1B880344363}.Release|Any CPU.ActiveCfg = Release|Any CPU
		{3D962913-0229-4E8B-9FE2-E1B880344363}.Release|Any CPU.Build.0 = Release|Any CPU
		{DE19929C-8CAE-42DC-8D85-12FAC6BBE39B}.Debug|Any CPU.ActiveCfg = Debug|Any CPU
		{DE19929C-8CAE-42DC-8D85-12FAC6BBE39B}.Debug|Any CPU.Build.0 = Debug|Any CPU
		{DE19929C-8CAE-42DC-8D85-12FAC6BBE39B}.Release|Any CPU.ActiveCfg = Release|Any CPU
		{DE19929C-8CAE-42DC-8D85-12FAC6BBE39B}.Release|Any CPU.Build.0 = Release|Any CPU
		{E1278B4C-37C0-4F28-8DAB-8F3ADBB8F706}.Debug|Any CPU.ActiveCfg = Debug|Any CPU
		{E1278B4C-37C0-4F28-8DAB-8F3ADBB8F706}.Debug|Any CPU.Build.0 = Debug|Any CPU
		{E1278B4C-37C0-4F28-8DAB-8F3ADBB8F706}.Release|Any CPU.ActiveCfg = Release|Any CPU
		{E1278B4C-37C0-4F28-8DAB-8F3ADBB8F706}.Release|Any CPU.Build.0 = Release|Any CPU
		{D16189B6-A7AD-4BA1-99AB-135F02FBACB9}.Debug|Any CPU.ActiveCfg = Debug|Any CPU
		{D16189B6-A7AD-4BA1-99AB-135F02FBACB9}.Debug|Any CPU.Build.0 = Debug|Any CPU
		{D16189B6-A7AD-4BA1-99AB-135F02FBACB9}.Release|Any CPU.ActiveCfg = Release|Any CPU
		{D16189B6-A7AD-4BA1-99AB-135F02FBACB9}.Release|Any CPU.Build.0 = Release|Any CPU
		{8740497D-3C1E-4C41-ABC8-6F99CC67DAA5}.Debug|Any CPU.ActiveCfg = Debug|Any CPU
		{8740497D-3C1E-4C41-ABC8-6F99CC67DAA5}.Debug|Any CPU.Build.0 = Debug|Any CPU
		{8740497D-3C1E-4C41-ABC8-6F99CC67DAA5}.Release|Any CPU.ActiveCfg = Release|Any CPU
		{8740497D-3C1E-4C41-ABC8-6F99CC67DAA5}.Release|Any CPU.Build.0 = Release|Any CPU
		{BA44FA55-503B-4FD7-87A0-95DDA78B1FDB}.Debug|Any CPU.ActiveCfg = Debug|Any CPU
		{BA44FA55-503B-4FD7-87A0-95DDA78B1FDB}.Debug|Any CPU.Build.0 = Debug|Any CPU
		{BA44FA55-503B-4FD7-87A0-95DDA78B1FDB}.Release|Any CPU.ActiveCfg = Release|Any CPU
		{BA44FA55-503B-4FD7-87A0-95DDA78B1FDB}.Release|Any CPU.Build.0 = Release|Any CPU
		{F7E7CB23-1DF3-4298-A5D2-3AFB479EF8D9}.Debug|Any CPU.ActiveCfg = Debug|Any CPU
		{F7E7CB23-1DF3-4298-A5D2-3AFB479EF8D9}.Debug|Any CPU.Build.0 = Debug|Any CPU
		{F7E7CB23-1DF3-4298-A5D2-3AFB479EF8D9}.Release|Any CPU.ActiveCfg = Release|Any CPU
		{F7E7CB23-1DF3-4298-A5D2-3AFB479EF8D9}.Release|Any CPU.Build.0 = Release|Any CPU
	EndGlobalSection
	GlobalSection(SolutionProperties) = preSolution
		HideSolutionNode = FALSE
	EndGlobalSection
	GlobalSection(NestedProjects) = preSolution
		{90642B4F-E42E-4DC2-BD6B-DD9B24F54543} = {429808DB-AD34-4346-BF61-B8AAEF4F7249}
		{464B10EC-AA95-4EB8-856B-E327E0B6C8B0} = {35E6F847-AAD2-4FB5-BA17-FC93933F4DA9}
		{41A66FFA-A514-4B9E-96C3-4DFA133FFFB5} = {35E6F847-AAD2-4FB5-BA17-FC93933F4DA9}
		{2B6DCF4A-6E98-4459-A051-CAD8A9E92BE6} = {35E6F847-AAD2-4FB5-BA17-FC93933F4DA9}
		{A27DC845-979A-402A-B246-0ADF3FE74DD4} = {35E6F847-AAD2-4FB5-BA17-FC93933F4DA9}
		{7F313B85-927F-4D38-B965-18E46644AFA7} = {2D8F8537-97B4-4276-AA29-9F7966D64C02}
		{1C57976A-E014-404E-BD54-174357505A27} = {2D8F8537-97B4-4276-AA29-9F7966D64C02}
		{DC758210-20FC-4CC3-91C1-B69D455C5781} = {2D8F8537-97B4-4276-AA29-9F7966D64C02}
		{217A14E1-C4C8-4FB8-8771-F2AF8737D1FB} = {5CDBAA09-1E5F-4E15-84EB-CFB2978BD0E5}
		{488E4873-9DFC-44B0-9A98-D01DED36B394} = {5CDBAA09-1E5F-4E15-84EB-CFB2978BD0E5}
		{E5D4DBA9-896B-4DFC-A377-C0DA365A1A02} = {5CDBAA09-1E5F-4E15-84EB-CFB2978BD0E5}
		{DCB85231-29FD-4B87-8115-287E409199CA} = {D62DC40C-17B6-480C-80FC-A28E33479664}
		{4FAA5855-5CC9-47B6-85E6-8243C4038C18} = {89DDED6A-77BF-431D-B76D-0EC0DD86B1B9}
		{5B427873-7FCC-4488-BFE2-C343FABC270D} = {89DDED6A-77BF-431D-B76D-0EC0DD86B1B9}
		{A8E676D3-8D0B-4B5E-B283-E36C0E017C2A} = {5C379D89-8B62-4E40-9836-D637D87F5156}
		{7DAF42B0-8DC5-48D2-AC1D-5FF6B3C28791} = {C5A20730-313E-4179-B981-2EAF49A9F4DB}
		{AA7BB172-E6F3-49D6-A400-58E24B04B326} = {C5A20730-313E-4179-B981-2EAF49A9F4DB}
		{3D962913-0229-4E8B-9FE2-E1B880344363} = {509A0838-9FC7-47EE-BA57-6D809A13112E}
		{DE19929C-8CAE-42DC-8D85-12FAC6BBE39B} = {509A0838-9FC7-47EE-BA57-6D809A13112E}
		{E1278B4C-37C0-4F28-8DAB-8F3ADBB8F706} = {509A0838-9FC7-47EE-BA57-6D809A13112E}
		{D16189B6-A7AD-4BA1-99AB-135F02FBACB9} = {C4DEEA7A-5564-4DCA-A17C-88B6C1F98566}
		{8740497D-3C1E-4C41-ABC8-6F99CC67DAA5} = {1899665D-0399-4159-920E-25E5296F9292}
		{BA44FA55-503B-4FD7-87A0-95DDA78B1FDB} = {1899665D-0399-4159-920E-25E5296F9292}
		{F7E7CB23-1DF3-4298-A5D2-3AFB479EF8D9} = {985A8E08-C6E2-4961-BBD4-6342DF2E6EC9}
	EndGlobalSection
	GlobalSection(ExtensibilityGlobals) = postSolution
		SolutionGuid = {38F32A3E-6269-4FF8-8D24-3FF69886088B}
	EndGlobalSection
EndGlobal
